
Microsoft Visual Studio Solution File, Format Version 12.00
# Visual Studio Version 17
VisualStudioVersion = 17.5.002.0
MinimumVisualStudioVersion = 10.0.40219.1
Project("{2150E333-8FDC-42A3-9474-1A3956D46DE8}") = "Start", "Start", "{9A0AAF2D-CCC7-4656-9DDC-9A1D666B289F}"
EndProject
Project("{2150E333-8FDC-42A3-9474-1A3956D46DE8}") = "Files", "Files", "{0007B7D9-D005-4366-ADE0-57ACEDA37617}"
EndProject
Project("{9A19103F-16F7-4668-BE54-9A1E7A4F7556}") = "CreateFiles", "Start\Files\CreateFiles\CreateFiles.csproj", "{5F83EEAE-21BC-4745-9ACD-F01D06DEA0D4}"
EndProject
Project("{9A19103F-16F7-4668-BE54-9A1E7A4F7556}") = "Directories", "Start\Files\Directories\Directories.csproj", "{BAF470C2-D4B0-4757-A22E-2281569443B1}"
EndProject
Project("{9A19103F-16F7-4668-BE54-9A1E7A4F7556}") = "FileInfo", "Start\Files\FileInfo\FileInfo.csproj", "{AE5646AB-B162-4052-B1AD-702F655BBC4F}"
EndProject
Project("{9A19103F-16F7-4668-BE54-9A1E7A4F7556}") = "ReadWriteFiles", "Start\Files\ReadWriteFiles\ReadWriteFiles.csproj", "{F382FDA7-C4C3-4ABE-9145-CAD1E95AEE06}"
EndProject
Project("{2150E333-8FDC-42A3-9474-1A3956D46DE8}") = "NumbersDates", "NumbersDates", "{FCE381B2-3323-45C9-AA90-615A779C7401}"
EndProject
Project("{9A19103F-16F7-4668-BE54-9A1E7A4F7556}") = "DateTimeClass", "Start\NumbersDates\DateTimeClass\DateTimeClass.csproj", "{B4944610-4EB9-4AE0-9429-7B6B0A6B4EAF}"
EndProject
Project("{9A19103F-16F7-4668-BE54-9A1E7A4F7556}") = "FormatDates", "Start\NumbersDates\FormatDates\FormatDates.csproj", "{C6B43912-68CF-45F8-9749-845167F394A6}"
EndProject
Project("{9A19103F-16F7-4668-BE54-9A1E7A4F7556}") = "FormatNumbers", "Start\NumbersDates\FormatNumbers\FormatNumbers.csproj", "{CD6E26F7-A018-4842-B826-2D2DDF9A52AA}"
EndProject
Project("{9A19103F-16F7-4668-BE54-9A1E7A4F7556}") = "ParseDates", "Start\NumbersDates\ParseDates\ParseDates.csproj", "{99A5D591-8E7B-43F6-B14B-92B92908F025}"
EndProject
Project("{9A19103F-16F7-4668-BE54-9A1E7A4F7556}") = "ParseNumbers", "Start\NumbersDates\ParseNumbers\ParseNumbers.csproj", "{4945113C-B3F1-41BA-85CF-DC39E0767EC0}"
EndProject
Project("{2150E333-8FDC-42A3-9474-1A3956D46DE8}") = "Overview", "Overview", "{DFF62EE0-0B00-40CE-AD69-D56934F63407}"
EndProject
Project("{9A19103F-16F7-4668-BE54-9A1E7A4F7556}") = "DataTypes", "Start\Overview\DataTypes\DataTypes.csproj", "{4ACD57E2-4389-49A2-8D5F-C37B0E82AB92}"
EndProject
Project("{9A19103F-16F7-4668-BE54-9A1E7A4F7556}") = "GarbageCollect", "Start\Overview\GarbageCollect\GarbageCollect.csproj", "{14CA8EA1-D128-44F9-B019-EDAAAC0B1504}"
EndProject
Project("{9A19103F-16F7-4668-BE54-9A1E7A4F7556}") = "MyConsoleApp", "Start\Overview\MyConsoleApp\MyConsoleApp.csproj", "{F825F274-6C04-4EA8-B335-682DCE15DB7F}"
EndProject
Project("{2150E333-8FDC-42A3-9474-1A3956D46DE8}") = "Regex", "Regex", "{99C36DCE-62F5-4285-A319-D0529089E391}"
EndProject
Project("{9A19103F-16F7-4668-BE54-9A1E7A4F7556}") = "Finding", "Start\Regex\Finding\Finding.csproj", "{92FB7BEF-D22B-4F6F-8276-97C98D95C88A}"
EndProject
Project("{9A19103F-16F7-4668-BE54-9A1E7A4F7556}") = "Replacing", "Start\Regex\Replacing\Replacing.csproj", "{59413EDB-2EB0-4F32-8866-6BB7F389A10F}"
EndProject
Project("{9A19103F-16F7-4668-BE54-9A1E7A4F7556}") = "RegexTimeouts", "Start\Regex\Timeouts\RegexTimeouts.csproj", "{C71C4C42-25B4-4029-B064-C7415D29EF79}"
EndProject
Project("{2150E333-8FDC-42A3-9474-1A3956D46DE8}") = "Strings", "Strings", "{0B89AC85-9336-4099-BCDB-A01763CC59A2}"
EndProject
Project("{9A19103F-16F7-4668-BE54-9A1E7A4F7556}") = "Formatting", "Start\Strings\Formatting\Formatting.csproj", "{EC284959-4B75-4898-B7F3-5A9C754A920E}"
EndProject
Project("{9A19103F-16F7-4668-BE54-9A1E7A4F7556}") = "Interpolation", "Start\Strings\Interpolation\Interpolation.csproj", "{BE8CADB3-2414-4F17-97F1-C641DFB1D50A}"
EndProject
Project("{9A19103F-16F7-4668-BE54-9A1E7A4F7556}") = "Manipulation", "Start\Strings\Manipulation\Manipulation.csproj", "{29AC0759-29E3-4979-B0A9-AE4E0777D6DF}"
EndProject
Project("{9A19103F-16F7-4668-BE54-9A1E7A4F7556}") = "Searching", "Start\Strings\Searching\Searching.csproj", "{3E2AE4C8-86A9-49A3-A143-3B21C5CBD496}"
EndProject
Global
	GlobalSection(SolutionConfigurationPlatforms) = preSolution
		Debug|Any CPU = Debug|Any CPU
		Release|Any CPU = Release|Any CPU
	EndGlobalSection
	GlobalSection(ProjectConfigurationPlatforms) = postSolution
		{5F83EEAE-21BC-4745-9ACD-F01D06DEA0D4}.Debug|Any CPU.ActiveCfg = Debug|Any CPU
		{5F83EEAE-21BC-4745-9ACD-F01D06DEA0D4}.Debug|Any CPU.Build.0 = Debug|Any CPU
		{5F83EEAE-21BC-4745-9ACD-F01D06DEA0D4}.Release|Any CPU.ActiveCfg = Release|Any CPU
		{5F83EEAE-21BC-4745-9ACD-F01D06DEA0D4}.Release|Any CPU.Build.0 = Release|Any CPU
		{BAF470C2-D4B0-4757-A22E-2281569443B1}.Debug|Any CPU.ActiveCfg = Debug|Any CPU
		{BAF470C2-D4B0-4757-A22E-2281569443B1}.Debug|Any CPU.Build.0 = Debug|Any CPU
		{BAF470C2-D4B0-4757-A22E-2281569443B1}.Release|Any CPU.ActiveCfg = Release|Any CPU
		{BAF470C2-D4B0-4757-A22E-2281569443B1}.Release|Any CPU.Build.0 = Release|Any CPU
		{AE5646AB-B162-4052-B1AD-702F655BBC4F}.Debug|Any CPU.ActiveCfg = Debug|Any CPU
		{AE5646AB-B162-4052-B1AD-702F655BBC4F}.Debug|Any CPU.Build.0 = Debug|Any CPU
		{AE5646AB-B162-4052-B1AD-702F655BBC4F}.Release|Any CPU.ActiveCfg = Release|Any CPU
		{AE5646AB-B162-4052-B1AD-702F655BBC4F}.Release|Any CPU.Build.0 = Release|Any CPU
		{F382FDA7-C4C3-4ABE-9145-CAD1E95AEE06}.Debug|Any CPU.ActiveCfg = Debug|Any CPU
		{F382FDA7-C4C3-4ABE-9145-CAD1E95AEE06}.Debug|Any CPU.Build.0 = Debug|Any CPU
		{F382FDA7-C4C3-4ABE-9145-CAD1E95AEE06}.Release|Any CPU.ActiveCfg = Release|Any CPU
		{F382FDA7-C4C3-4ABE-9145-CAD1E95AEE06}.Release|Any CPU.Build.0 = Release|Any CPU
		{B4944610-4EB9-4AE0-9429-7B6B0A6B4EAF}.Debug|Any CPU.ActiveCfg = Debug|Any CPU
		{B4944610-4EB9-4AE0-9429-7B6B0A6B4EAF}.Debug|Any CPU.Build.0 = Debug|Any CPU
		{B4944610-4EB9-4AE0-9429-7B6B0A6B4EAF}.Release|Any CPU.ActiveCfg = Release|Any CPU
		{B4944610-4EB9-4AE0-9429-7B6B0A6B4EAF}.Release|Any CPU.Build.0 = Release|Any CPU
		{C6B43912-68CF-45F8-9749-845167F394A6}.Debug|Any CPU.ActiveCfg = Debug|Any CPU
		{C6B43912-68CF-45F8-9749-845167F394A6}.Debug|Any CPU.Build.0 = Debug|Any CPU
		{C6B43912-68CF-45F8-9749-845167F394A6}.Release|Any CPU.ActiveCfg = Release|Any CPU
		{C6B43912-68CF-45F8-9749-845167F394A6}.Release|Any CPU.Build.0 = Release|Any CPU
		{CD6E26F7-A018-4842-B826-2D2DDF9A52AA}.Debug|Any CPU.ActiveCfg = Debug|Any CPU
		{CD6E26F7-A018-4842-B826-2D2DDF9A52AA}.Debug|Any CPU.Build.0 = Debug|Any CPU
		{CD6E26F7-A018-4842-B826-2D2DDF9A52AA}.Release|Any CPU.ActiveCfg = Release|Any CPU
		{CD6E26F7-A018-4842-B826-2D2DDF9A52AA}.Release|Any CPU.Build.0 = Release|Any CPU
		{99A5D591-8E7B-43F6-B14B-92B92908F025}.Debug|Any CPU.ActiveCfg = Debug|Any CPU
		{99A5D591-8E7B-43F6-B14B-92B92908F025}.Debug|Any CPU.Build.0 = Debug|Any CPU
		{99A5D591-8E7B-43F6-B14B-92B92908F025}.Release|Any CPU.ActiveCfg = Release|Any CPU
		{99A5D591-8E7B-43F6-B14B-92B92908F025}.Release|Any CPU.Build.0 = Release|Any CPU
		{4945113C-B3F1-41BA-85CF-DC39E0767EC0}.Debug|Any CPU.ActiveCfg = Debug|Any CPU
		{4945113C-B3F1-41BA-85CF-DC39E0767EC0}.Debug|Any CPU.Build.0 = Debug|Any CPU
		{4945113C-B3F1-41BA-85CF-DC39E0767EC0}.Release|Any CPU.ActiveCfg = Release|Any CPU
		{4945113C-B3F1-41BA-85CF-DC39E0767EC0}.Release|Any CPU.Build.0 = Release|Any CPU
		{4ACD57E2-4389-49A2-8D5F-C37B0E82AB92}.Debug|Any CPU.ActiveCfg = Debug|Any CPU
		{4ACD57E2-4389-49A2-8D5F-C37B0E82AB92}.Debug|Any CPU.Build.0 = Debug|Any CPU
		{4ACD57E2-4389-49A2-8D5F-C37B0E82AB92}.Release|Any CPU.ActiveCfg = Release|Any CPU
		{4ACD57E2-4389-49A2-8D5F-C37B0E82AB92}.Release|Any CPU.Build.0 = Release|Any CPU
		{14CA8EA1-D128-44F9-B019-EDAAAC0B1504}.Debug|Any CPU.ActiveCfg = Debug|Any CPU
		{14CA8EA1-D128-44F9-B019-EDAAAC0B1504}.Debug|Any CPU.Build.0 = Debug|Any CPU
		{14CA8EA1-D128-44F9-B019-EDAAAC0B1504}.Release|Any CPU.ActiveCfg = Release|Any CPU
		{14CA8EA1-D128-44F9-B019-EDAAAC0B1504}.Release|Any CPU.Build.0 = Release|Any CPU
		{F825F274-6C04-4EA8-B335-682DCE15DB7F}.Debug|Any CPU.ActiveCfg = Debug|Any CPU
		{F825F274-6C04-4EA8-B335-682DCE15DB7F}.Debug|Any CPU.Build.0 = Debug|Any CPU
		{F825F274-6C04-4EA8-B335-682DCE15DB7F}.Release|Any CPU.ActiveCfg = Release|Any CPU
		{F825F274-6C04-4EA8-B335-682DCE15DB7F}.Release|Any CPU.Build.0 = Release|Any CPU
		{92FB7BEF-D22B-4F6F-8276-97C98D95C88A}.Debug|Any CPU.ActiveCfg = Debug|Any CPU
		{92FB7BEF-D22B-4F6F-8276-97C98D95C88A}.Debug|Any CPU.Build.0 = Debug|Any CPU
		{92FB7BEF-D22B-4F6F-8276-97C98D95C88A}.Release|Any CPU.ActiveCfg = Release|Any CPU
		{92FB7BEF-D22B-4F6F-8276-97C98D95C88A}.Release|Any CPU.Build.0 = Release|Any CPU
		{59413EDB-2EB0-4F32-8866-6BB7F389A10F}.Debug|Any CPU.ActiveCfg = Debug|Any CPU
		{59413EDB-2EB0-4F32-8866-6BB7F389A10F}.Debug|Any CPU.Build.0 = Debug|Any CPU
		{59413EDB-2EB0-4F32-8866-6BB7F389A10F}.Release|Any CPU.ActiveCfg = Release|Any CPU
		{59413EDB-2EB0-4F32-8866-6BB7F389A10F}.Release|Any CPU.Build.0 = Release|Any CPU
		{C71C4C42-25B4-4029-B064-C7415D29EF79}.Debug|Any CPU.ActiveCfg = Debug|Any CPU
		{C71C4C42-25B4-4029-B064-C7415D29EF79}.Debug|Any CPU.Build.0 = Debug|Any CPU
		{C71C4C42-25B4-4029-B064-C7415D29EF79}.Release|Any CPU.ActiveCfg = Release|Any CPU
		{C71C4C42-25B4-4029-B064-C7415D29EF79}.Release|Any CPU.Build.0 = Release|Any CPU
		{EC284959-4B75-4898-B7F3-5A9C754A920E}.Debug|Any CPU.ActiveCfg = Debug|Any CPU
		{EC284959-4B75-4898-B7F3-5A9C754A920E}.Debug|Any CPU.Build.0 = Debug|Any CPU
		{EC284959-4B75-4898-B7F3-5A9C754A920E}.Release|Any CPU.ActiveCfg = Release|Any CPU
		{EC284959-4B75-4898-B7F3-5A9C754A920E}.Release|Any CPU.Build.0 = Release|Any CPU
		{BE8CADB3-2414-4F17-97F1-C641DFB1D50A}.Debug|Any CPU.ActiveCfg = Debug|Any CPU
		{BE8CADB3-2414-4F17-97F1-C641DFB1D50A}.Debug|Any CPU.Build.0 = Debug|Any CPU
		{BE8CADB3-2414-4F17-97F1-C641DFB1D50A}.Release|Any CPU.ActiveCfg = Release|Any CPU
		{BE8CADB3-2414-4F17-97F1-C641DFB1D50A}.Release|Any CPU.Build.0 = Release|Any CPU
		{29AC0759-29E3-4979-B0A9-AE4E0777D6DF}.Debug|Any CPU.ActiveCfg = Debug|Any CPU
		{29AC0759-29E3-4979-B0A9-AE4E0777D6DF}.Debug|Any CPU.Build.0 = Debug|Any CPU
		{29AC0759-29E3-4979-B0A9-AE4E0777D6DF}.Release|Any CPU.ActiveCfg = Release|Any CPU
		{29AC0759-29E3-4979-B0A9-AE4E0777D6DF}.Release|Any CPU.Build.0 = Release|Any CPU
		{3E2AE4C8-86A9-49A3-A143-3B21C5CBD496}.Debug|Any CPU.ActiveCfg = Debug|Any CPU
		{3E2AE4C8-86A9-49A3-A143-3B21C5CBD496}.Debug|Any CPU.Build.0 = Debug|Any CPU
		{3E2AE4C8-86A9-49A3-A143-3B21C5CBD496}.Release|Any CPU.ActiveCfg = Release|Any CPU
		{3E2AE4C8-86A9-49A3-A143-3B21C5CBD496}.Release|Any CPU.Build.0 = Release|Any CPU
	EndGlobalSection
	GlobalSection(SolutionProperties) = preSolution
		HideSolutionNode = FALSE
	EndGlobalSection
	GlobalSection(NestedProjects) = preSolution
		{0007B7D9-D005-4366-ADE0-57ACEDA37617} = {9A0AAF2D-CCC7-4656-9DDC-9A1D666B289F}
		{5F83EEAE-21BC-4745-9ACD-F01D06DEA0D4} = {0007B7D9-D005-4366-ADE0-57ACEDA37617}
		{BAF470C2-D4B0-4757-A22E-2281569443B1} = {0007B7D9-D005-4366-ADE0-57ACEDA37617}
		{AE5646AB-B162-4052-B1AD-702F655BBC4F} = {0007B7D9-D005-4366-ADE0-57ACEDA37617}
		{F382FDA7-C4C3-4ABE-9145-CAD1E95AEE06} = {0007B7D9-D005-4366-ADE0-57ACEDA37617}
		{FCE381B2-3323-45C9-AA90-615A779C7401} = {9A0AAF2D-CCC7-4656-9DDC-9A1D666B289F}
		{B4944610-4EB9-4AE0-9429-7B6B0A6B4EAF} = {FCE381B2-3323-45C9-AA90-615A779C7401}
		{C6B43912-68CF-45F8-9749-845167F394A6} = {FCE381B2-3323-45C9-AA90-615A779C7401}
		{CD6E26F7-A018-4842-B826-2D2DDF9A52AA} = {FCE381B2-3323-45C9-AA90-615A779C7401}
		{99A5D591-8E7B-43F6-B14B-92B92908F025} = {FCE381B2-3323-45C9-AA90-615A779C7401}
		{4945113C-B3F1-41BA-85CF-DC39E0767EC0} = {FCE381B2-3323-45C9-AA90-615A779C7401}
		{DFF62EE0-0B00-40CE-AD69-D56934F63407} = {9A0AAF2D-CCC7-4656-9DDC-9A1D666B289F}
		{4ACD57E2-4389-49A2-8D5F-C37B0E82AB92} = {DFF62EE0-0B00-40CE-AD69-D56934F63407}
		{14CA8EA1-D128-44F9-B019-EDAAAC0B1504} = {DFF62EE0-0B00-40CE-AD69-D56934F63407}
		{F825F274-6C04-4EA8-B335-682DCE15DB7F} = {DFF62EE0-0B00-40CE-AD69-D56934F63407}
		{99C36DCE-62F5-4285-A319-D0529089E391} = {9A0AAF2D-CCC7-4656-9DDC-9A1D666B289F}
		{92FB7BEF-D22B-4F6F-8276-97C98D95C88A} = {99C36DCE-62F5-4285-A319-D0529089E391}
		{59413EDB-2EB0-4F32-8866-6BB7F389A10F} = {99C36DCE-62F5-4285-A319-D0529089E391}
		{C71C4C42-25B4-4029-B064-C7415D29EF79} = {99C36DCE-62F5-4285-A319-D0529089E391}
		{0B89AC85-9336-4099-BCDB-A01763CC59A2} = {9A0AAF2D-CCC7-4656-9DDC-9A1D666B289F}
		{EC284959-4B75-4898-B7F3-5A9C754A920E} = {0B89AC85-9336-4099-BCDB-A01763CC59A2}
		{BE8CADB3-2414-4F17-97F1-C641DFB1D50A} = {0B89AC85-9336-4099-BCDB-A01763CC59A2}
		{29AC0759-29E3-4979-B0A9-AE4E0777D6DF} = {0B89AC85-9336-4099-BCDB-A01763CC59A2}
		{3E2AE4C8-86A9-49A3-A143-3B21C5CBD496} = {0B89AC85-9336-4099-BCDB-A01763CC59A2}
	EndGlobalSection
	GlobalSection(ExtensibilityGlobals) = postSolution
		SolutionGuid = {B6E72AD3-94FE-49E5-9396-DCFBE94D4E5D}
	EndGlobalSection
EndGlobal
